Microsoft Visual Studio Solution File, Format Version 12.00
# Visual Studio Version 17
VisualStudioVersion = 17.5.2.0
MinimumVisualStudioVersion = 10.0.40219.1
Project("{FAE04EC0-301F-11D3-BF4B-00C04F79EFBC}") = "Customer", "Customer.csproj", "{CAAC59FC-F719-F05B-BB5A-3F3552C14FE7}"
EndProject
Global
	GlobalSection(SolutionConfigurationPlatforms) = preSolution
		Debug|Any CPU = Debug|Any CPU
		Release|Any CPU = Release|Any CPU
	EndGlobalSection
	GlobalSection(ProjectConfigurationPlatforms) = postSolution
		{CAAC59FC-F719-F05B-BB5A-3F3552C14FE7}.Debug|Any CPU.ActiveCfg = Debug|Any CPU
		{CAAC59FC-F719-F05B-BB5A-3F3552C14FE7}.Debug|Any CPU.Build.0 = Debug|Any CPU
		{CAAC59FC-F719-F05B-BB5A-3F3552C14FE7}.Release|Any CPU.ActiveCfg = Release|Any CPU
		{CAAC59FC-F719-F05B-BB5A-3F3552C14FE7}.Release|Any CPU.Build.0 = Release|Any CPU
	EndGlobalSection
	GlobalSection(SolutionProperties) = preSolution
		HideSolutionNode = FALSE
	EndGlobalSection
	GlobalSection(ExtensibilityGlobals) = postSolution
		SolutionGuid = {40BAB7CB-5E7E-4235-BF29-139C904AA9A7}
	EndGlobalSection
EndGlobal
